
Microsoft Visual Studio Solution File, Format Version 12.00
# Visual Studio 15
VisualStudioVersion = 15.0.28307.757
MinimumVisualStudioVersion = 10.0.40219.1
Project("{FAE04EC0-301F-11D3-BF4B-00C04F79EFBC}") = "UAVGroundControlV2", "UAVGroundControlV2\UAVGroundControlV2.csproj", "{B91F5B33-0DEC-49EA-9C1D-178D0742F0AA}"
EndProject
Global
	GlobalSection(SolutionConfigurationPlatforms) = preSolution
		Debug|Any CPU = Debug|Any CPU
		Release|Any CPU = Release|Any CPU
	EndGlobalSection
	GlobalSection(ProjectConfigurationPlatforms) = postSolution
		{B91F5B33-0DEC-49EA-9C1D-178D0742F0AA}.Debug|Any CPU.ActiveCfg = Debug|Any CPU
		{B91F5B33-0DEC-49EA-9C1D-178D0742F0AA}.Debug|Any CPU.Build.0 = Debug|Any CPU
		{B91F5B33-0DEC-49EA-9C1D-178D0742F0AA}.Release|Any CPU.ActiveCfg = Release|Any CPU
		{B91F5B33-0DEC-49EA-9C1D-178D0742F0AA}.Release|Any CPU.Build.0 = Release|Any CPU
	EndGlobalSection
	GlobalSection(SolutionProperties) = preSolution
		HideSolutionNode = FALSE
	EndGlobalSection
	GlobalSection(ExtensibilityGlobals) = postSolution
		SolutionGuid = {0B35C010-CB17-473F-8CE2-0AC00C963559}
	EndGlobalSection
EndGlobal
