
Microsoft Visual Studio Solution File, Format Version 12.00
# Visual Studio 15
Project("{FAE04EC0-301F-11D3-BF4B-00C04F79EFBC}") = "Assembly-CSharp", "Assembly-CSharp.csproj", "{EB4E6D90-1A98-B449-560F-746F242976D1}"
EndProject
Project("{FAE04EC0-301F-11D3-BF4B-00C04F79EFBC}") = "Assembly-CSharp-firstpass", "Assembly-CSharp-firstpass.csproj", "{225BE7E4-536C-76F3-79B0-28CC08542BC4}"
EndProject
Global
	GlobalSection(SolutionConfigurationPlatforms) = preSolution
		Debug|Any CPU = Debug|Any CPU
		Release|Any CPU = Release|Any CPU
	EndGlobalSection
	GlobalSection(ProjectConfigurationPlatforms) = postSolution
		{EB4E6D90-1A98-B449-560F-746F242976D1}.Debug|Any CPU.ActiveCfg = Debug|Any CPU
		{EB4E6D90-1A98-B449-560F-746F242976D1}.Debug|Any CPU.Build.0 = Debug|Any CPU
		{EB4E6D90-1A98-B449-560F-746F242976D1}.Release|Any CPU.ActiveCfg = Release|Any CPU
		{EB4E6D90-1A98-B449-560F-746F242976D1}.Release|Any CPU.Build.0 = Release|Any CPU
		{225BE7E4-536C-76F3-79B0-28CC08542BC4}.Debug|Any CPU.ActiveCfg = Debug|Any CPU
		{225BE7E4-536C-76F3-79B0-28CC08542BC4}.Debug|Any CPU.Build.0 = Debug|Any CPU
		{225BE7E4-536C-76F3-79B0-28CC08542BC4}.Release|Any CPU.ActiveCfg = Release|Any CPU
		{225BE7E4-536C-76F3-79B0-28CC08542BC4}.Release|Any CPU.Build.0 = Release|Any CPU
	EndGlobalSection
	GlobalSection(SolutionProperties) = preSolution
		HideSolutionNode = FALSE
	EndGlobalSection
EndGlobal
